
Microsoft Visual Studio Solution File, Format Version 12.00
# Visual Studio Version 16
VisualStudioVersion = 16.0.30413.136
MinimumVisualStudioVersion = 10.0.40219.1
Project("{FAE04EC0-301F-11D3-BF4B-00C04F79EFBC}") = "John_Farrelly_S00188044", "John_Farrelly_S00188044\John_Farrelly_S00188044.csproj", "{F9F00167-0F95-4A70-A87D-3D42E476B39E}"
EndProject
Project("{FAE04EC0-301F-11D3-BF4B-00C04F79EFBC}") = "RepeatExamUnittest", "RepeatExamUnittest\RepeatExamUnittest.csproj", "{87DD1718-64F5-4F3F-AE6F-320CD45BE55F}"
EndProject
Project("{FAE04EC0-301F-11D3-BF4B-00C04F79EFBC}") = "Datamanagement1", "Datamanagement1\Datamanagement1.csproj", "{40A13BEA-010E-49D2-9DA8-C60E3D11E9F3}"
EndProject
Global
	GlobalSection(SolutionConfigurationPlatforms) = preSolution
		Debug|Any CPU = Debug|Any CPU
		Release|Any CPU = Release|Any CPU
	EndGlobalSection
	GlobalSection(ProjectConfigurationPlatforms) = postSolution
		{F9F00167-0F95-4A70-A87D-3D42E476B39E}.Debug|Any CPU.ActiveCfg = Debug|Any CPU
		{F9F00167-0F95-4A70-A87D-3D42E476B39E}.Debug|Any CPU.Build.0 = Debug|Any CPU
		{F9F00167-0F95-4A70-A87D-3D42E476B39E}.Release|Any CPU.ActiveCfg = Release|Any CPU
		{F9F00167-0F95-4A70-A87D-3D42E476B39E}.Release|Any CPU.Build.0 = Release|Any CPU
		{87DD1718-64F5-4F3F-AE6F-320CD45BE55F}.Debug|Any CPU.ActiveCfg = Debug|Any CPU
		{87DD1718-64F5-4F3F-AE6F-320CD45BE55F}.Debug|Any CPU.Build.0 = Debug|Any CPU
		{87DD1718-64F5-4F3F-AE6F-320CD45BE55F}.Release|Any CPU.ActiveCfg = Release|Any CPU
		{87DD1718-64F5-4F3F-AE6F-320CD45BE55F}.Release|Any CPU.Build.0 = Release|Any CPU
		{40A13BEA-010E-49D2-9DA8-C60E3D11E9F3}.Debug|Any CPU.ActiveCfg = Debug|Any CPU
		{40A13BEA-010E-49D2-9DA8-C60E3D11E9F3}.Debug|Any CPU.Build.0 = Debug|Any CPU
		{40A13BEA-010E-49D2-9DA8-C60E3D11E9F3}.Release|Any CPU.ActiveCfg = Release|Any CPU
		{40A13BEA-010E-49D2-9DA8-C60E3D11E9F3}.Release|Any CPU.Build.0 = Release|Any CPU
	EndGlobalSection
	GlobalSection(SolutionProperties) = preSolution
		HideSolutionNode = FALSE
	EndGlobalSection
	GlobalSection(ExtensibilityGlobals) = postSolution
		SolutionGuid = {F00EE77C-F7C9-4252-A56A-E9B037F8B818}
	EndGlobalSection
EndGlobal
